
Microsoft Visual Studio Solution File, Format Version 12.00
# Visual Studio Version 17
VisualStudioVersion = 17.6.33801.468
MinimumVisualStudioVersion = 10.0.40219.1
Project("{FAE04EC0-301F-11D3-BF4B-00C04F79EFBC}") = "Turnup", "Turnup\Turnup.csproj", "{C01EE09F-7ECD-41E5-8B0B-41AA7CBC90DE}"
EndProject
Global
	GlobalSection(SolutionConfigurationPlatforms) = preSolution
		Debug|Any CPU = Debug|Any CPU
		Release|Any CPU = Release|Any CPU
	EndGlobalSection
	GlobalSection(ProjectConfigurationPlatforms) = postSolution
		{C01EE09F-7ECD-41E5-8B0B-41AA7CBC90DE}.Debug|Any CPU.ActiveCfg = Debug|Any CPU
		{C01EE09F-7ECD-41E5-8B0B-41AA7CBC90DE}.Debug|Any CPU.Build.0 = Debug|Any CPU
		{C01EE09F-7ECD-41E5-8B0B-41AA7CBC90DE}.Release|Any CPU.ActiveCfg = Release|Any CPU
		{C01EE09F-7ECD-41E5-8B0B-41AA7CBC90DE}.Release|Any CPU.Build.0 = Release|Any CPU
	EndGlobalSection
	GlobalSection(SolutionProperties) = preSolution
		HideSolutionNode = FALSE
	EndGlobalSection
	GlobalSection(ExtensibilityGlobals) = postSolution
		SolutionGuid = {E4921000-00F0-40CC-B201-958167381D17}
	EndGlobalSection
EndGlobal
